
Microsoft Visual Studio Solution File, Format Version 12.00
# Visual Studio Version 16
VisualStudioVersion = 16.0.30621.155
MinimumVisualStudioVersion = 10.0.40219.1
Project("{FAE04EC0-301F-11D3-BF4B-00C04F79EFBC}") = "RestAPICoreDemo", "RestAPICoreDemo\RestAPICoreDemo.csproj", "{0E3053A9-6D52-4138-94AE-58CD7F97491D}"
EndProject
Global
	GlobalSection(SolutionConfigurationPlatforms) = preSolution
		Debug|Any CPU = Debug|Any CPU
		Release|Any CPU = Release|Any CPU
	EndGlobalSection
	GlobalSection(ProjectConfigurationPlatforms) = postSolution
		{0E3053A9-6D52-4138-94AE-58CD7F97491D}.Debug|Any CPU.ActiveCfg = Debug|Any CPU
		{0E3053A9-6D52-4138-94AE-58CD7F97491D}.Debug|Any CPU.Build.0 = Debug|Any CPU
		{0E3053A9-6D52-4138-94AE-58CD7F97491D}.Release|Any CPU.ActiveCfg = Release|Any CPU
		{0E3053A9-6D52-4138-94AE-58CD7F97491D}.Release|Any CPU.Build.0 = Release|Any CPU
	EndGlobalSection
	GlobalSection(SolutionProperties) = preSolution
		HideSolutionNode = FALSE
	EndGlobalSection
	GlobalSection(ExtensibilityGlobals) = postSolution
		SolutionGuid = {7CACFD15-0999-48FA-865D-2EAA86B83754}
	EndGlobalSection
EndGlobal
